
Microsoft Visual Studio Solution File, Format Version 12.00
# Visual Studio Version 16
VisualStudioVersion = 16.0.29411.108
MinimumVisualStudioVersion = 10.0.40219.1
Project("{2150E333-8FDC-42A3-9474-1A3956D46DE8}") = "Host", "Host", "{CA0E400A-FD98-426B-B90A-204F01FF1523}"
EndProject
Project("{2150E333-8FDC-42A3-9474-1A3956D46DE8}") = "Business", "Business", "{74EA9B9D-9E28-4429-8468-768DDA77DE4E}"
EndProject
Project("{2150E333-8FDC-42A3-9474-1A3956D46DE8}") = "Factory", "Factory", "{2DF8C898-CFB2-4C8A-A175-B05F235E81A0}"
EndProject
Project("{2150E333-8FDC-42A3-9474-1A3956D46DE8}") = "Data", "Data", "{B6B03A96-B954-4120-B536-FE8E286DCD51}"
EndProject
Project("{2150E333-8FDC-42A3-9474-1A3956D46DE8}") = "Shared", "Shared", "{3DE3429D-9A36-4C02-BC8B-EDB0C2B03730}"
EndProject
Project("{2150E333-8FDC-42A3-9474-1A3956D46DE8}") = "Tests", "Tests", "{C80F9753-950D-499C-85FD-F23AD3D52920}"
EndProject
Project("{FAE04EC0-301F-11D3-BF4B-00C04F79EFBC}") = "GBMProject.Business.Client", "GBMProject.Business.Client\GBMProject.Business.Client.csproj", "{56636B2F-64EF-46AD-B237-6489D6A78DA4}"
EndProject
Project("{FAE04EC0-301F-11D3-BF4B-00C04F79EFBC}") = "GBMProject.Business.Contracts", "GBMProject.Business.Contracts\GBMProject.Business.Contracts.csproj", "{07D423E2-C2D5-4849-AED1-4A62226D4A41}"
EndProject
Project("{FAE04EC0-301F-11D3-BF4B-00C04F79EFBC}") = "GBMProject.Data", "GBMProject.Data\GBMProject.Data.csproj", "{E85BD319-2A42-48E6-833C-4CFC679B5704}"
EndProject
Project("{FAE04EC0-301F-11D3-BF4B-00C04F79EFBC}") = "GBMProject.Factory", "GBMProject.Factory\GBMProject.Factory.csproj", "{3E775001-D6EF-4DB6-9CBA-0BC25CE89E0E}"
EndProject
Project("{FAE04EC0-301F-11D3-BF4B-00C04F79EFBC}") = "GBMProject.Console.Host", "GBMProject.Console.Host\GBMProject.Console.Host.csproj", "{24047C06-C118-4025-82A3-E325193E4844}"
EndProject
Project("{FAE04EC0-301F-11D3-BF4B-00C04F79EFBC}") = "GBMProject.Entities", "GBMProject.Entities\GBMProject.Entities.csproj", "{46A4EF9C-BB54-4C29-B534-FEA036D044D9}"
EndProject
Project("{FAE04EC0-301F-11D3-BF4B-00C04F79EFBC}") = "GBMProject.Framework", "GBMProject.Framework\GBMProject.Framework.csproj", "{F79F681E-4677-44C1-BB68-CC511E8F4399}"
EndProject
Project("{FAE04EC0-301F-11D3-BF4B-00C04F79EFBC}") = "GBMProject.UnitTest", "GBMProject.UnitTest\GBMProject.UnitTest.csproj", "{C5E804B7-E842-45F7-B88F-C11788FF37BC}"
EndProject
Global
	GlobalSection(SolutionConfigurationPlatforms) = preSolution
		Debug|Any CPU = Debug|Any CPU
		Release|Any CPU = Release|Any CPU
	EndGlobalSection
	GlobalSection(ProjectConfigurationPlatforms) = postSolution
		{56636B2F-64EF-46AD-B237-6489D6A78DA4}.Debug|Any CPU.ActiveCfg = Debug|Any CPU
		{56636B2F-64EF-46AD-B237-6489D6A78DA4}.Debug|Any CPU.Build.0 = Debug|Any CPU
		{56636B2F-64EF-46AD-B237-6489D6A78DA4}.Release|Any CPU.ActiveCfg = Release|Any CPU
		{56636B2F-64EF-46AD-B237-6489D6A78DA4}.Release|Any CPU.Build.0 = Release|Any CPU
		{07D423E2-C2D5-4849-AED1-4A62226D4A41}.Debug|Any CPU.ActiveCfg = Debug|Any CPU
		{07D423E2-C2D5-4849-AED1-4A62226D4A41}.Debug|Any CPU.Build.0 = Debug|Any CPU
		{07D423E2-C2D5-4849-AED1-4A62226D4A41}.Release|Any CPU.ActiveCfg = Release|Any CPU
		{07D423E2-C2D5-4849-AED1-4A62226D4A41}.Release|Any CPU.Build.0 = Release|Any CPU
		{E85BD319-2A42-48E6-833C-4CFC679B5704}.Debug|Any CPU.ActiveCfg = Debug|Any CPU
		{E85BD319-2A42-48E6-833C-4CFC679B5704}.Debug|Any CPU.Build.0 = Debug|Any CPU
		{E85BD319-2A42-48E6-833C-4CFC679B5704}.Release|Any CPU.ActiveCfg = Release|Any CPU
		{E85BD319-2A42-48E6-833C-4CFC679B5704}.Release|Any CPU.Build.0 = Release|Any CPU
		{3E775001-D6EF-4DB6-9CBA-0BC25CE89E0E}.Debug|Any CPU.ActiveCfg = Debug|Any CPU
		{3E775001-D6EF-4DB6-9CBA-0BC25CE89E0E}.Debug|Any CPU.Build.0 = Debug|Any CPU
		{3E775001-D6EF-4DB6-9CBA-0BC25CE89E0E}.Release|Any CPU.ActiveCfg = Release|Any CPU
		{3E775001-D6EF-4DB6-9CBA-0BC25CE89E0E}.Release|Any CPU.Build.0 = Release|Any CPU
		{24047C06-C118-4025-82A3-E325193E4844}.Debug|Any CPU.ActiveCfg = Debug|Any CPU
		{24047C06-C118-4025-82A3-E325193E4844}.Debug|Any CPU.Build.0 = Debug|Any CPU
		{24047C06-C118-4025-82A3-E325193E4844}.Release|Any CPU.ActiveCfg = Release|Any CPU
		{24047C06-C118-4025-82A3-E325193E4844}.Release|Any CPU.Build.0 = Release|Any CPU
		{46A4EF9C-BB54-4C29-B534-FEA036D044D9}.Debug|Any CPU.ActiveCfg = Debug|Any CPU
		{46A4EF9C-BB54-4C29-B534-FEA036D044D9}.Debug|Any CPU.Build.0 = Debug|Any CPU
		{46A4EF9C-BB54-4C29-B534-FEA036D044D9}.Release|Any CPU.ActiveCfg = Release|Any CPU
		{46A4EF9C-BB54-4C29-B534-FEA036D044D9}.Release|Any CPU.Build.0 = Release|Any CPU
		{F79F681E-4677-44C1-BB68-CC511E8F4399}.Debug|Any CPU.ActiveCfg = Debug|Any CPU
		{F79F681E-4677-44C1-BB68-CC511E8F4399}.Debug|Any CPU.Build.0 = Debug|Any CPU
		{F79F681E-4677-44C1-BB68-CC511E8F4399}.Release|Any CPU.ActiveCfg = Release|Any CPU
		{F79F681E-4677-44C1-BB68-CC511E8F4399}.Release|Any CPU.Build.0 = Release|Any CPU
		{C5E804B7-E842-45F7-B88F-C11788FF37BC}.Debug|Any CPU.ActiveCfg = Debug|Any CPU
		{C5E804B7-E842-45F7-B88F-C11788FF37BC}.Debug|Any CPU.Build.0 = Debug|Any CPU
		{C5E804B7-E842-45F7-B88F-C11788FF37BC}.Release|Any CPU.ActiveCfg = Release|Any CPU
		{C5E804B7-E842-45F7-B88F-C11788FF37BC}.Release|Any CPU.Build.0 = Release|Any CPU
	EndGlobalSection
	GlobalSection(SolutionProperties) = preSolution
		HideSolutionNode = FALSE
	EndGlobalSection
	GlobalSection(NestedProjects) = preSolution
		{56636B2F-64EF-46AD-B237-6489D6A78DA4} = {74EA9B9D-9E28-4429-8468-768DDA77DE4E}
		{07D423E2-C2D5-4849-AED1-4A62226D4A41} = {74EA9B9D-9E28-4429-8468-768DDA77DE4E}
		{E85BD319-2A42-48E6-833C-4CFC679B5704} = {B6B03A96-B954-4120-B536-FE8E286DCD51}
		{3E775001-D6EF-4DB6-9CBA-0BC25CE89E0E} = {2DF8C898-CFB2-4C8A-A175-B05F235E81A0}
		{24047C06-C118-4025-82A3-E325193E4844} = {CA0E400A-FD98-426B-B90A-204F01FF1523}
		{46A4EF9C-BB54-4C29-B534-FEA036D044D9} = {3DE3429D-9A36-4C02-BC8B-EDB0C2B03730}
		{F79F681E-4677-44C1-BB68-CC511E8F4399} = {3DE3429D-9A36-4C02-BC8B-EDB0C2B03730}
		{C5E804B7-E842-45F7-B88F-C11788FF37BC} = {C80F9753-950D-499C-85FD-F23AD3D52920}
	EndGlobalSection
	GlobalSection(ExtensibilityGlobals) = postSolution
		SolutionGuid = {17B3C1BB-E73B-427B-BFAC-0BFEBC5B73D5}
	EndGlobalSection
EndGlobal
